
Microsoft Visual Studio Solution File, Format Version 12.00
# Visual Studio Version 17
VisualStudioVersion = 17.9.34728.123
MinimumVisualStudioVersion = 10.0.40219.1
Project("{FAE04EC0-301F-11D3-BF4B-00C04F79EFBC}") = "LeetCode", "LeetCode.csproj", "{EEFF939B-1804-4E36-B81B-C9520ECF5543}"
EndProject
Global
	GlobalSection(SolutionConfigurationPlatforms) = preSolution
		Debug|Any CPU = Debug|Any CPU
		Release|Any CPU = Release|Any CPU
	EndGlobalSection
	GlobalSection(ProjectConfigurationPlatforms) = postSolution
		{EEFF939B-1804-4E36-B81B-C9520ECF5543}.Debug|Any CPU.ActiveCfg = Debug|Any CPU
		{EEFF939B-1804-4E36-B81B-C9520ECF5543}.Debug|Any CPU.Build.0 = Debug|Any CPU
		{EEFF939B-1804-4E36-B81B-C9520ECF5543}.Release|Any CPU.ActiveCfg = Release|Any CPU
		{EEFF939B-1804-4E36-B81B-C9520ECF5543}.Release|Any CPU.Build.0 = Release|Any CPU
	EndGlobalSection
	GlobalSection(SolutionProperties) = preSolution
		HideSolutionNode = FALSE
	EndGlobalSection
	GlobalSection(ExtensibilityGlobals) = postSolution
		SolutionGuid = {CF64182A-C906-41A7-ACED-753C52CE730E}
	EndGlobalSection
EndGlobal
